
Microsoft Visual Studio Solution File, Format Version 12.00
# Visual Studio Version 16
VisualStudioVersion = 16.0.30611.23
MinimumVisualStudioVersion = 10.0.40219.1
Project("{888888A0-9F3D-457C-B088-3A5042F75D52}") = "FerieChallenge1", "FerieChallenge1.pyproj", "{CEAED5FB-2768-4CDC-8AA8-C9F14875AAC1}"
EndProject
Global
	GlobalSection(SolutionConfigurationPlatforms) = preSolution
		Debug|Any CPU = Debug|Any CPU
		Release|Any CPU = Release|Any CPU
	EndGlobalSection
	GlobalSection(ProjectConfigurationPlatforms) = postSolution
		{CEAED5FB-2768-4CDC-8AA8-C9F14875AAC1}.Debug|Any CPU.ActiveCfg = Debug|Any CPU
		{CEAED5FB-2768-4CDC-8AA8-C9F14875AAC1}.Release|Any CPU.ActiveCfg = Release|Any CPU
	EndGlobalSection
	GlobalSection(SolutionProperties) = preSolution
		HideSolutionNode = FALSE
	EndGlobalSection
	GlobalSection(ExtensibilityGlobals) = postSolution
		SolutionGuid = {0C01F601-BD81-4B63-9E4E-D55BFE376AFD}
	EndGlobalSection
EndGlobal
